# This file was autogenerated by Stack.
# You should not edit this file by hand.
# For more information, please see the documentation at:
#   https://docs.haskellstack.org/en/stable/lock_files

packages:
- completed:
    hackage: extra-1.5.3@sha256:fe529617e325b3087afabfa152a577f09a010671a9c82874c0b3de38cac2cdb0,2582
    pantry-tree:
      size: 1703
      sha256: e8230622a589940f86192d177f09c54218d03c316cda4595e74dbce884da95f6
  original:
    hackage: extra-1.5.3
- completed:
    hackage: monad-journal-0.7.2@sha256:57232f0694bba49993793445510b0ec20984ea68ea0119593dcc71ead587f2d9,2020
    pantry-tree:
      size: 463
      sha256: 1a0651d3137f944e9425a67679ccde33be1f046ef3fbbe70c03ca46df6d30e8b
  original:
    hackage: monad-journal-0.7.2
- completed:
    hackage: optparse-applicative-0.13.2.0@sha256:1d5126da8d43170cfc7619f0447c5f80329ed4452978c517ca54e44a643b6804,4052
    pantry-tree:
      size: 2559
      sha256: e83fd8ee95c54ea6e8ca19e6fc949c1a8ede391ba41ce444ad59678e5a665627
  original:
    hackage: optparse-applicative-0.13.2.0
- completed:
    hackage: either-4.4.1.1@sha256:1a0e45e237b05447e891d7d781fe1c408b33babd15c9957118d0edccaa48e7d8,1534
    pantry-tree:
      size: 676
      sha256: 6692b4954cae2fdff9ccf784b012667c8a6de5e8b5efdf8cc17ea37d557e1e30
  original:
    hackage: either-4.4.1.1
- completed:
    hackage: cabal-helper-0.8.0.2@sha256:9ce282941a9854acb7891f3739c82658330520c1f39c632e43b887d82d7d4007,12447
    pantry-tree:
      size: 2825
      sha256: cef16ac61a83a1ead24b7c56e74d6e09dbdeb427fbb4b149b6a50f1e2ca52747
  original:
    hackage: cabal-helper-0.8.0.2
snapshots:
- completed:
    size: 567338
    url: https://raw.githubusercontent.com/commercialhaskell/stackage-snapshots/master/lts/10/2.yaml
    sha256: 092cce7d8bb031346c99d4847906457edc1e89815e7f4477d3c9a96386e70144
  original: lts-10.2
